
Microsoft Visual Studio Solution File, Format Version 12.00
# Visual Studio Version 16
VisualStudioVersion = 16.0.33529.622
MinimumVisualStudioVersion = 10.0.40219.1
Project("{2150E333-8FDC-42A3-9474-1A3956D46DE8}") = "10.COM", "10.COM", "{56B2FB7A-230B-4ACD-81AA-056614FF0C36}"
EndProject
Project("{2150E333-8FDC-42A3-9474-1A3956D46DE8}") = "20.SVC", "20.SVC", "{29342FCA-2F3A-4E66-9ABB-9003BCCF2AEA}"
EndProject
Project("{2150E333-8FDC-42A3-9474-1A3956D46DE8}") = "30.IF", "30.IF", "{DADBB56B-0AB3-4F08-BF83-8B98E5B24B62}"
EndProject
Project("{2150E333-8FDC-42A3-9474-1A3956D46DE8}") = "40.UI", "40.UI", "{D56AC582-0F2D-42F1-A5F6-135B1EC1C42F}"
EndProject
Project("{FAE04EC0-301F-11D3-BF4B-00C04F79EFBC}") = "UI", "UI\UI.csproj", "{AE36FB23-CBF9-4AAF-AD08-021B8A4DE813}"
	ProjectSection(ProjectDependencies) = postProject
		{0F34DF31-5253-4414-A744-E6C179956C9A} = {0F34DF31-5253-4414-A744-E6C179956C9A}
	EndProjectSection
EndProject
Project("{FAE04EC0-301F-11D3-BF4B-00C04F79EFBC}") = "IF", "IF\IF.csproj", "{BA837033-22B1-4A07-9C68-9B8F97B81255}"
EndProject
Project("{FAE04EC0-301F-11D3-BF4B-00C04F79EFBC}") = "COM", "COM\COM.csproj", "{DDB563C3-6DBA-4D83-9608-7C2BDE10E6E8}"
EndProject
Project("{FAE04EC0-301F-11D3-BF4B-00C04F79EFBC}") = "SVC", "SVC\SVC.csproj", "{0F34DF31-5253-4414-A744-E6C179956C9A}"
EndProject
Project("{2150E333-8FDC-42A3-9474-1A3956D46DE8}") = "50.TEST", "50.TEST", "{0926B217-7CFD-4933-98B5-ECF0E047FFCE}"
EndProject
Project("{FAE04EC0-301F-11D3-BF4B-00C04F79EFBC}") = "TEST", "TEST\TEST.csproj", "{8E6E136E-FC88-415C-8AFB-CA4A4D66C967}"
EndProject
Global
	GlobalSection(SolutionConfigurationPlatforms) = preSolution
		Debug|Any CPU = Debug|Any CPU
		Release|Any CPU = Release|Any CPU
	EndGlobalSection
	GlobalSection(ProjectConfigurationPlatforms) = postSolution
		{AE36FB23-CBF9-4AAF-AD08-021B8A4DE813}.Debug|Any CPU.ActiveCfg = Debug|Any CPU
		{AE36FB23-CBF9-4AAF-AD08-021B8A4DE813}.Debug|Any CPU.Build.0 = Debug|Any CPU
		{AE36FB23-CBF9-4AAF-AD08-021B8A4DE813}.Release|Any CPU.ActiveCfg = Release|Any CPU
		{AE36FB23-CBF9-4AAF-AD08-021B8A4DE813}.Release|Any CPU.Build.0 = Release|Any CPU
		{BA837033-22B1-4A07-9C68-9B8F97B81255}.Debug|Any CPU.ActiveCfg = Debug|Any CPU
		{BA837033-22B1-4A07-9C68-9B8F97B81255}.Debug|Any CPU.Build.0 = Debug|Any CPU
		{BA837033-22B1-4A07-9C68-9B8F97B81255}.Release|Any CPU.ActiveCfg = Release|Any CPU
		{BA837033-22B1-4A07-9C68-9B8F97B81255}.Release|Any CPU.Build.0 = Release|Any CPU
		{DDB563C3-6DBA-4D83-9608-7C2BDE10E6E8}.Debug|Any CPU.ActiveCfg = Debug|Any CPU
		{DDB563C3-6DBA-4D83-9608-7C2BDE10E6E8}.Debug|Any CPU.Build.0 = Debug|Any CPU
		{DDB563C3-6DBA-4D83-9608-7C2BDE10E6E8}.Release|Any CPU.ActiveCfg = Release|Any CPU
		{DDB563C3-6DBA-4D83-9608-7C2BDE10E6E8}.Release|Any CPU.Build.0 = Release|Any CPU
		{0F34DF31-5253-4414-A744-E6C179956C9A}.Debug|Any CPU.ActiveCfg = Debug|Any CPU
		{0F34DF31-5253-4414-A744-E6C179956C9A}.Debug|Any CPU.Build.0 = Debug|Any CPU
		{0F34DF31-5253-4414-A744-E6C179956C9A}.Release|Any CPU.ActiveCfg = Release|Any CPU
		{0F34DF31-5253-4414-A744-E6C179956C9A}.Release|Any CPU.Build.0 = Release|Any CPU
		{8E6E136E-FC88-415C-8AFB-CA4A4D66C967}.Debug|Any CPU.ActiveCfg = Debug|Any CPU
		{8E6E136E-FC88-415C-8AFB-CA4A4D66C967}.Debug|Any CPU.Build.0 = Debug|Any CPU
		{8E6E136E-FC88-415C-8AFB-CA4A4D66C967}.Release|Any CPU.ActiveCfg = Release|Any CPU
		{8E6E136E-FC88-415C-8AFB-CA4A4D66C967}.Release|Any CPU.Build.0 = Release|Any CPU
	EndGlobalSection
	GlobalSection(SolutionProperties) = preSolution
		HideSolutionNode = FALSE
	EndGlobalSection
	GlobalSection(NestedProjects) = preSolution
		{AE36FB23-CBF9-4AAF-AD08-021B8A4DE813} = {D56AC582-0F2D-42F1-A5F6-135B1EC1C42F}
		{BA837033-22B1-4A07-9C68-9B8F97B81255} = {DADBB56B-0AB3-4F08-BF83-8B98E5B24B62}
		{DDB563C3-6DBA-4D83-9608-7C2BDE10E6E8} = {56B2FB7A-230B-4ACD-81AA-056614FF0C36}
		{0F34DF31-5253-4414-A744-E6C179956C9A} = {29342FCA-2F3A-4E66-9ABB-9003BCCF2AEA}
		{8E6E136E-FC88-415C-8AFB-CA4A4D66C967} = {0926B217-7CFD-4933-98B5-ECF0E047FFCE}
	EndGlobalSection
	GlobalSection(ExtensibilityGlobals) = postSolution
		SolutionGuid = {999AAE02-933B-4A04-8CE5-9A4FC878747F}
	EndGlobalSection
EndGlobal
